
Microsoft Visual Studio Solution File, Format Version 12.00
# Visual Studio Version 16
VisualStudioVersion = 16.0.31321.278
MinimumVisualStudioVersion = 10.0.40219.1
Project("{FAE04EC0-301F-11D3-BF4B-00C04F79EFBC}") = "RazorPagesMovie", "RazorPagesMovie.csproj", "{689DE974-C5B7-4021-B8D8-8AA9476923B0}"
EndProject
Global
	GlobalSection(SolutionConfigurationPlatforms) = preSolution
		Debug|Any CPU = Debug|Any CPU
		Release|Any CPU = Release|Any CPU
	EndGlobalSection
	GlobalSection(ProjectConfigurationPlatforms) = postSolution
		{689DE974-C5B7-4021-B8D8-8AA9476923B0}.Debug|Any CPU.ActiveCfg = Debug|Any CPU
		{689DE974-C5B7-4021-B8D8-8AA9476923B0}.Debug|Any CPU.Build.0 = Debug|Any CPU
		{689DE974-C5B7-4021-B8D8-8AA9476923B0}.Release|Any CPU.ActiveCfg = Release|Any CPU
		{689DE974-C5B7-4021-B8D8-8AA9476923B0}.Release|Any CPU.Build.0 = Release|Any CPU
	EndGlobalSection
	GlobalSection(SolutionProperties) = preSolution
		HideSolutionNode = FALSE
	EndGlobalSection
	GlobalSection(ExtensibilityGlobals) = postSolution
		SolutionGuid = {638928A3-0222-437B-9515-CF72C53F5D6A}
	EndGlobalSection
EndGlobal
