
Microsoft Visual Studio Solution File, Format Version 12.00
# Visual Studio Version 17
VisualStudioVersion = 17.5.33530.505
MinimumVisualStudioVersion = 10.0.40219.1
Project("{FAE04EC0-301F-11D3-BF4B-00C04F79EFBC}") = "CookieLogin", "CookieLogin.csproj", "{F3B8A739-00D5-487C-8BD0-F53230D7F566}"
EndProject
Global
	GlobalSection(SolutionConfigurationPlatforms) = preSolution
		Debug|Any CPU = Debug|Any CPU
		Release|Any CPU = Release|Any CPU
	EndGlobalSection
	GlobalSection(ProjectConfigurationPlatforms) = postSolution
		{F3B8A739-00D5-487C-8BD0-F53230D7F566}.Debug|Any CPU.ActiveCfg = Debug|Any CPU
		{F3B8A739-00D5-487C-8BD0-F53230D7F566}.Debug|Any CPU.Build.0 = Debug|Any CPU
		{F3B8A739-00D5-487C-8BD0-F53230D7F566}.Release|Any CPU.ActiveCfg = Release|Any CPU
		{F3B8A739-00D5-487C-8BD0-F53230D7F566}.Release|Any CPU.Build.0 = Release|Any CPU
	EndGlobalSection
	GlobalSection(SolutionProperties) = preSolution
		HideSolutionNode = FALSE
	EndGlobalSection
	GlobalSection(ExtensibilityGlobals) = postSolution
		SolutionGuid = {A433F872-58FF-4E05-98D5-B7B10A6775B7}
	EndGlobalSection
EndGlobal
