
Microsoft Visual Studio Solution File, Format Version 12.00
# Visual Studio Version 16
VisualStudioVersion = 16.0.31321.278
MinimumVisualStudioVersion = 10.0.40219.1
Project("{FAE04EC0-301F-11D3-BF4B-00C04F79EFBC}") = "MvcMovie", "MvcMovie.csproj", "{F8831D17-9B42-4CEB-9994-C78751EB41F3}"
EndProject
Global
	GlobalSection(SolutionConfigurationPlatforms) = preSolution
		Debug|Any CPU = Debug|Any CPU
		Release|Any CPU = Release|Any CPU
	EndGlobalSection
	GlobalSection(ProjectConfigurationPlatforms) = postSolution
		{F8831D17-9B42-4CEB-9994-C78751EB41F3}.Debug|Any CPU.ActiveCfg = Debug|Any CPU
		{F8831D17-9B42-4CEB-9994-C78751EB41F3}.Debug|Any CPU.Build.0 = Debug|Any CPU
		{F8831D17-9B42-4CEB-9994-C78751EB41F3}.Release|Any CPU.ActiveCfg = Release|Any CPU
		{F8831D17-9B42-4CEB-9994-C78751EB41F3}.Release|Any CPU.Build.0 = Release|Any CPU
	EndGlobalSection
	GlobalSection(SolutionProperties) = preSolution
		HideSolutionNode = FALSE
	EndGlobalSection
	GlobalSection(ExtensibilityGlobals) = postSolution
		SolutionGuid = {F25B8263-7924-43C9-9609-02DA94AB5481}
	EndGlobalSection
EndGlobal
